
Microsoft Visual Studio Solution File, Format Version 12.00
# Visual Studio Version 16
VisualStudioVersion = 16.0.31424.327
MinimumVisualStudioVersion = 10.0.40219.1
Project("{FAE04EC0-301F-11D3-BF4B-00C04F79EFBC}") = "P83_1", "P83_1\P83_1.csproj", "{68887FD1-2362-4148-AF56-BB5AA84A4A26}"
EndProject
Global
	GlobalSection(SolutionConfigurationPlatforms) = preSolution
		Debug|Any CPU = Debug|Any CPU
		Release|Any CPU = Release|Any CPU
	EndGlobalSection
	GlobalSection(ProjectConfigurationPlatforms) = postSolution
		{68887FD1-2362-4148-AF56-BB5AA84A4A26}.Debug|Any CPU.ActiveCfg = Debug|Any CPU
		{68887FD1-2362-4148-AF56-BB5AA84A4A26}.Debug|Any CPU.Build.0 = Debug|Any CPU
		{68887FD1-2362-4148-AF56-BB5AA84A4A26}.Release|Any CPU.ActiveCfg = Release|Any CPU
		{68887FD1-2362-4148-AF56-BB5AA84A4A26}.Release|Any CPU.Build.0 = Release|Any CPU
	EndGlobalSection
	GlobalSection(SolutionProperties) = preSolution
		HideSolutionNode = FALSE
	EndGlobalSection
	GlobalSection(ExtensibilityGlobals) = postSolution
		SolutionGuid = {424F7CA1-DC17-4E67-A560-1F03335095CB}
	EndGlobalSection
EndGlobal
