
Microsoft Visual Studio Solution File, Format Version 12.00
# Visual Studio Version 16
VisualStudioVersion = 16.0.31424.327
MinimumVisualStudioVersion = 10.0.40219.1
Project("{FAE04EC0-301F-11D3-BF4B-00C04F79EFBC}") = "P94_2", "P94_2\P94_2.csproj", "{3CA4E03D-C100-4592-A582-976049359EEC}"
EndProject
Global
	GlobalSection(SolutionConfigurationPlatforms) = preSolution
		Debug|Any CPU = Debug|Any CPU
		Release|Any CPU = Release|Any CPU
	EndGlobalSection
	GlobalSection(ProjectConfigurationPlatforms) = postSolution
		{3CA4E03D-C100-4592-A582-976049359EEC}.Debug|Any CPU.ActiveCfg = Debug|Any CPU
		{3CA4E03D-C100-4592-A582-976049359EEC}.Debug|Any CPU.Build.0 = Debug|Any CPU
		{3CA4E03D-C100-4592-A582-976049359EEC}.Release|Any CPU.ActiveCfg = Release|Any CPU
		{3CA4E03D-C100-4592-A582-976049359EEC}.Release|Any CPU.Build.0 = Release|Any CPU
	EndGlobalSection
	GlobalSection(SolutionProperties) = preSolution
		HideSolutionNode = FALSE
	EndGlobalSection
	GlobalSection(ExtensibilityGlobals) = postSolution
		SolutionGuid = {F84586AB-2BD7-431E-BE19-EF182E807109}
	EndGlobalSection
EndGlobal
