
Microsoft Visual Studio Solution File, Format Version 12.00
# Visual Studio Version 16
VisualStudioVersion = 16.0.31424.327
MinimumVisualStudioVersion = 10.0.40219.1
Project("{FAE04EC0-301F-11D3-BF4B-00C04F79EFBC}") = "midtest1", "midtest1\midtest1.csproj", "{816C9737-FA1B-48ED-BDD1-B387D9C9A938}"
EndProject
Global
	GlobalSection(SolutionConfigurationPlatforms) = preSolution
		Debug|Any CPU = Debug|Any CPU
		Release|Any CPU = Release|Any CPU
	EndGlobalSection
	GlobalSection(ProjectConfigurationPlatforms) = postSolution
		{816C9737-FA1B-48ED-BDD1-B387D9C9A938}.Debug|Any CPU.ActiveCfg = Debug|Any CPU
		{816C9737-FA1B-48ED-BDD1-B387D9C9A938}.Debug|Any CPU.Build.0 = Debug|Any CPU
		{816C9737-FA1B-48ED-BDD1-B387D9C9A938}.Release|Any CPU.ActiveCfg = Release|Any CPU
		{816C9737-FA1B-48ED-BDD1-B387D9C9A938}.Release|Any CPU.Build.0 = Release|Any CPU
	EndGlobalSection
	GlobalSection(SolutionProperties) = preSolution
		HideSolutionNode = FALSE
	EndGlobalSection
	GlobalSection(ExtensibilityGlobals) = postSolution
		SolutionGuid = {7C29D6BB-DA39-43EA-8F2F-730EACF8C7B1}
	EndGlobalSection
EndGlobal
