
Microsoft Visual Studio Solution File, Format Version 12.00
# Visual Studio Version 16
VisualStudioVersion = 16.0.31424.327
MinimumVisualStudioVersion = 10.0.40219.1
Project("{FAE04EC0-301F-11D3-BF4B-00C04F79EFBC}") = "midtest2", "midtest2\midtest2.csproj", "{C13DF8C5-1572-439E-953C-C31BD2E2C594}"
EndProject
Global
	GlobalSection(SolutionConfigurationPlatforms) = preSolution
		Debug|Any CPU = Debug|Any CPU
		Release|Any CPU = Release|Any CPU
	EndGlobalSection
	GlobalSection(ProjectConfigurationPlatforms) = postSolution
		{C13DF8C5-1572-439E-953C-C31BD2E2C594}.Debug|Any CPU.ActiveCfg = Debug|Any CPU
		{C13DF8C5-1572-439E-953C-C31BD2E2C594}.Debug|Any CPU.Build.0 = Debug|Any CPU
		{C13DF8C5-1572-439E-953C-C31BD2E2C594}.Release|Any CPU.ActiveCfg = Release|Any CPU
		{C13DF8C5-1572-439E-953C-C31BD2E2C594}.Release|Any CPU.Build.0 = Release|Any CPU
	EndGlobalSection
	GlobalSection(SolutionProperties) = preSolution
		HideSolutionNode = FALSE
	EndGlobalSection
	GlobalSection(ExtensibilityGlobals) = postSolution
		SolutionGuid = {85C3E732-9E1C-4661-9EDC-1D8F8CEB6845}
	EndGlobalSection
EndGlobal
